
Microsoft Visual Studio Solution File, Format Version 12.00
# Visual Studio Version 16
VisualStudioVersion = 16.0.28803.452
MinimumVisualStudioVersion = 10.0.40219.1
Project("{FAE04EC0-301F-11D3-BF4B-00C04F79EFBC}") = "QueueAndDeque", "QueueAndDeque.csproj", "{077D3FBC-4FB4-492D-AFE9-0057B9AC3993}"
EndProject
Global
	GlobalSection(SolutionConfigurationPlatforms) = preSolution
		Debug|Any CPU = Debug|Any CPU
		Release|Any CPU = Release|Any CPU
	EndGlobalSection
	GlobalSection(ProjectConfigurationPlatforms) = postSolution
		{077D3FBC-4FB4-492D-AFE9-0057B9AC3993}.Debug|Any CPU.ActiveCfg = Debug|Any CPU
		{077D3FBC-4FB4-492D-AFE9-0057B9AC3993}.Debug|Any CPU.Build.0 = Debug|Any CPU
		{077D3FBC-4FB4-492D-AFE9-0057B9AC3993}.Release|Any CPU.ActiveCfg = Release|Any CPU
		{077D3FBC-4FB4-492D-AFE9-0057B9AC3993}.Release|Any CPU.Build.0 = Release|Any CPU
	EndGlobalSection
	GlobalSection(SolutionProperties) = preSolution
		HideSolutionNode = FALSE
	EndGlobalSection
	GlobalSection(ExtensibilityGlobals) = postSolution
		SolutionGuid = {AC48A7A2-3865-4D2F-8442-58D5C2E3515B}
	EndGlobalSection
EndGlobal
